
Microsoft Visual Studio Solution File, Format Version 12.00
# Visual Studio Version 17
VisualStudioVersion = 17.11.35327.3
MinimumVisualStudioVersion = 10.0.40219.1
Project("{FAE04EC0-301F-11D3-BF4B-00C04F79EFBC}") = "FirstLabExamOOP", "FirstLabExamOOP.csproj", "{51069C98-9C1B-4D11-9216-D97771C3B864}"
EndProject
Global
	GlobalSection(SolutionConfigurationPlatforms) = preSolution
		Debug|Any CPU = Debug|Any CPU
		Release|Any CPU = Release|Any CPU
	EndGlobalSection
	GlobalSection(ProjectConfigurationPlatforms) = postSolution
		{51069C98-9C1B-4D11-9216-D97771C3B864}.Debug|Any CPU.ActiveCfg = Debug|Any CPU
		{51069C98-9C1B-4D11-9216-D97771C3B864}.Debug|Any CPU.Build.0 = Debug|Any CPU
		{51069C98-9C1B-4D11-9216-D97771C3B864}.Release|Any CPU.ActiveCfg = Release|Any CPU
		{51069C98-9C1B-4D11-9216-D97771C3B864}.Release|Any CPU.Build.0 = Release|Any CPU
	EndGlobalSection
	GlobalSection(SolutionProperties) = preSolution
		HideSolutionNode = FALSE
	EndGlobalSection
	GlobalSection(ExtensibilityGlobals) = postSolution
		SolutionGuid = {48EF7DCE-A438-490B-B1EF-466C737E3602}
	EndGlobalSection
EndGlobal
